
Microsoft Visual Studio Solution File, Format Version 12.00
# Visual Studio Version 17
VisualStudioVersion = 17.11.35111.106
MinimumVisualStudioVersion = 10.0.40219.1
Project("{FAE04EC0-301F-11D3-BF4B-00C04F79EFBC}") = "Notes", "Notes\Notes.csproj", "{A701738F-C778-4741-9B0D-86214CEB2FF6}"
EndProject
Global
	GlobalSection(SolutionConfigurationPlatforms) = preSolution
		Debug|Any CPU = Debug|Any CPU
		Release|Any CPU = Release|Any CPU
	EndGlobalSection
	GlobalSection(ProjectConfigurationPlatforms) = postSolution
		{A701738F-C778-4741-9B0D-86214CEB2FF6}.Debug|Any CPU.ActiveCfg = Debug|Any CPU
		{A701738F-C778-4741-9B0D-86214CEB2FF6}.Debug|Any CPU.Build.0 = Debug|Any CPU
		{A701738F-C778-4741-9B0D-86214CEB2FF6}.Release|Any CPU.ActiveCfg = Release|Any CPU
		{A701738F-C778-4741-9B0D-86214CEB2FF6}.Release|Any CPU.Build.0 = Release|Any CPU
	EndGlobalSection
	GlobalSection(SolutionProperties) = preSolution
		HideSolutionNode = FALSE
	EndGlobalSection
	GlobalSection(ExtensibilityGlobals) = postSolution
		SolutionGuid = {94A06128-8B48-41B5-A616-D50E30B384F6}
	EndGlobalSection
EndGlobal
